
Microsoft Visual Studio Solution File, Format Version 12.00
# Visual Studio Version 16
VisualStudioVersion = 16.0.30503.244
MinimumVisualStudioVersion = 10.0.40219.1
Project("{9A19103F-16F7-4668-BE54-9A1E7A4F7556}") = "ApiZapapp", "ApiZapapp.csproj", "{D7EA95EC-D941-483D-B3BB-A704589C6DCD}"
EndProject
Global
	GlobalSection(SolutionConfigurationPlatforms) = preSolution
		Debug|Any CPU = Debug|Any CPU
		Release|Any CPU = Release|Any CPU
	EndGlobalSection
	GlobalSection(ProjectConfigurationPlatforms) = postSolution
		{D7EA95EC-D941-483D-B3BB-A704589C6DCD}.Debug|Any CPU.ActiveCfg = Debug|Any CPU
		{D7EA95EC-D941-483D-B3BB-A704589C6DCD}.Debug|Any CPU.Build.0 = Debug|Any CPU
		{D7EA95EC-D941-483D-B3BB-A704589C6DCD}.Release|Any CPU.ActiveCfg = Release|Any CPU
		{D7EA95EC-D941-483D-B3BB-A704589C6DCD}.Release|Any CPU.Build.0 = Release|Any CPU
	EndGlobalSection
	GlobalSection(SolutionProperties) = preSolution
		HideSolutionNode = FALSE
	EndGlobalSection
	GlobalSection(ExtensibilityGlobals) = postSolution
		SolutionGuid = {00953CE2-560B-41A3-86AA-9D324839D418}
	EndGlobalSection
EndGlobal
